
Microsoft Visual Studio Solution File, Format Version 12.00
# Visual Studio 2012
Project("{FAE04EC0-301F-11D3-BF4B-00C04F79EFBC}") = "SagittaMain", "SagittaMain.csproj", "{9D3A8C5B-6F14-4F62-AD9A-B098D55B539C}"
EndProject
Project("{FAE04EC0-301F-11D3-BF4B-00C04F79EFBC}") = "TestingCSharpCode", "..\TestingCSharpCode\TestingCSharpCode.csproj", "{BFDAD95A-3104-41B1-93AE-568FB2585A8C}"
EndProject
Project("{FAE04EC0-301F-11D3-BF4B-00C04F79EFBC}") = "Task5", "..\Task5\Task5.csproj", "{7209935F-BEAE-4605-9C12-D775674E938E}"
EndProject
Project("{FAE04EC0-301F-11D3-BF4B-00C04F79EFBC}") = "08.SQLite_And_MySQL_ToExcel", "..\08.SQLite_And_MySQL_ToExcel\08.SQLite_And_MySQL_ToExcel.csproj", "{1732EFCE-A351-46E1-B68B-7D4101EB7968}"
EndProject
Project("{FAE04EC0-301F-11D3-BF4B-00C04F79EFBC}") = "04.XML_SalesReport", "..\04.XML_SalesReport\04.XML_SalesReport.csproj", "{4998181B-67F5-4F3B-87D6-455A021571E4}"
EndProject
Global
	GlobalSection(SolutionConfigurationPlatforms) = preSolution
		Debug|Any CPU = Debug|Any CPU
		Release|Any CPU = Release|Any CPU
	EndGlobalSection
	GlobalSection(ProjectConfigurationPlatforms) = postSolution
		{9D3A8C5B-6F14-4F62-AD9A-B098D55B539C}.Debug|Any CPU.ActiveCfg = Debug|Any CPU
		{9D3A8C5B-6F14-4F62-AD9A-B098D55B539C}.Debug|Any CPU.Build.0 = Debug|Any CPU
		{9D3A8C5B-6F14-4F62-AD9A-B098D55B539C}.Release|Any CPU.ActiveCfg = Release|Any CPU
		{9D3A8C5B-6F14-4F62-AD9A-B098D55B539C}.Release|Any CPU.Build.0 = Release|Any CPU
		{BFDAD95A-3104-41B1-93AE-568FB2585A8C}.Debug|Any CPU.ActiveCfg = Debug|Any CPU
		{BFDAD95A-3104-41B1-93AE-568FB2585A8C}.Debug|Any CPU.Build.0 = Debug|Any CPU
		{BFDAD95A-3104-41B1-93AE-568FB2585A8C}.Release|Any CPU.ActiveCfg = Release|Any CPU
		{BFDAD95A-3104-41B1-93AE-568FB2585A8C}.Release|Any CPU.Build.0 = Release|Any CPU
		{7209935F-BEAE-4605-9C12-D775674E938E}.Debug|Any CPU.ActiveCfg = Debug|Any CPU
		{7209935F-BEAE-4605-9C12-D775674E938E}.Debug|Any CPU.Build.0 = Debug|Any CPU
		{7209935F-BEAE-4605-9C12-D775674E938E}.Release|Any CPU.ActiveCfg = Release|Any CPU
		{7209935F-BEAE-4605-9C12-D775674E938E}.Release|Any CPU.Build.0 = Release|Any CPU
		{1732EFCE-A351-46E1-B68B-7D4101EB7968}.Debug|Any CPU.ActiveCfg = Debug|Any CPU
		{1732EFCE-A351-46E1-B68B-7D4101EB7968}.Debug|Any CPU.Build.0 = Debug|Any CPU
		{1732EFCE-A351-46E1-B68B-7D4101EB7968}.Release|Any CPU.ActiveCfg = Release|Any CPU
		{1732EFCE-A351-46E1-B68B-7D4101EB7968}.Release|Any CPU.Build.0 = Release|Any CPU
		{4998181B-67F5-4F3B-87D6-455A021571E4}.Debug|Any CPU.ActiveCfg = Debug|Any CPU
		{4998181B-67F5-4F3B-87D6-455A021571E4}.Debug|Any CPU.Build.0 = Debug|Any CPU
		{4998181B-67F5-4F3B-87D6-455A021571E4}.Release|Any CPU.ActiveCfg = Release|Any CPU
		{4998181B-67F5-4F3B-87D6-455A021571E4}.Release|Any CPU.Build.0 = Release|Any CPU
	EndGlobalSection
	GlobalSection(SolutionProperties) = preSolution
		HideSolutionNode = FALSE
	EndGlobalSection
EndGlobal
