
Microsoft Visual Studio Solution File, Format Version 12.00
# Visual Studio 2013
VisualStudioVersion = 12.0.31101.0
MinimumVisualStudioVersion = 10.0.40219.1
Project("{FAE04EC0-301F-11D3-BF4B-00C04F79EFBC}") = "SagittaMain", "SagittaMain.csproj", "{9D3A8C5B-6F14-4F62-AD9A-B098D55B539C}"
EndProject
Project("{FAE04EC0-301F-11D3-BF4B-00C04F79EFBC}") = "08.SQLite_And_MySQL_ToExcel", "..\08.SQLite_And_MySQL_ToExcel\08.SQLite_And_MySQL_ToExcel.csproj", "{1732EFCE-A351-46E1-B68B-7D4101EB7968}"
EndProject
Project("{FAE04EC0-301F-11D3-BF4B-00C04F79EFBC}") = "04.XML_SalesReport", "..\04.XML_SalesReport\04.XML_SalesReport.csproj", "{4998181B-67F5-4F3B-87D6-455A021571E4}"
EndProject
Project("{FAE04EC0-301F-11D3-BF4B-00C04F79EFBC}") = "Task3", "..\Task3\Task3.csproj", "{19BE847E-1BA0-410D-9D6F-9E4FB663E45B}"
EndProject
Project("{FAE04EC0-301F-11D3-BF4B-00C04F79EFBC}") = "02.ZipReports_To_MSSQL", "..\02.ZipReports_To_MSSQL\02.ZipReports_To_MSSQL.csproj", "{6269BD12-EB21-4681-846B-FE9143FB4941}"
EndProject
Project("{FAE04EC0-301F-11D3-BF4B-00C04F79EFBC}") = "Task5", "..\Task5\Task5.csproj", "{673A32D9-90A8-4FEE-987D-18466DC7F3A5}"
EndProject
Project("{FAE04EC0-301F-11D3-BF4B-00C04F79EFBC}") = "06.Xml_To_Sql_Server_Loader", "..\06.Xml_To_Sql_Server_Loader\06.Xml_To_Sql_Server_Loader.csproj", "{513D6ABC-9F65-4C57-AA80-3423519253F8}"
EndProject
Project("{FAE04EC0-301F-11D3-BF4B-00C04F79EFBC}") = "SagittaDB.Models", "..\SagittaDB.Models\SagittaDB.Models.csproj", "{81376967-06C1-46B4-92A4-76F5E4C60615}"
EndProject
Project("{FAE04EC0-301F-11D3-BF4B-00C04F79EFBC}") = "07.MSSQL _to_MySQL", "..\07.MSSQL _to_MySQL\07.MSSQL _to_MySQL.csproj", "{F8E6BD7B-CFA0-413D-B72C-922A79E888C4}"
EndProject
Project("{FAE04EC0-301F-11D3-BF4B-00C04F79EFBC}") = "SagittaDB.Models.MySQL", "..\SagittaDB.Models.MySQL\SagittaDB.Models.MySQL.csproj", "{3E76C445-609C-4871-8916-3649AFC95FD4}"
EndProject
Global
	GlobalSection(SolutionConfigurationPlatforms) = preSolution
		Debug|Any CPU = Debug|Any CPU
		Release|Any CPU = Release|Any CPU
	EndGlobalSection
	GlobalSection(ProjectConfigurationPlatforms) = postSolution
		{9D3A8C5B-6F14-4F62-AD9A-B098D55B539C}.Debug|Any CPU.ActiveCfg = Debug|Any CPU
		{9D3A8C5B-6F14-4F62-AD9A-B098D55B539C}.Debug|Any CPU.Build.0 = Debug|Any CPU
		{9D3A8C5B-6F14-4F62-AD9A-B098D55B539C}.Release|Any CPU.ActiveCfg = Release|Any CPU
		{9D3A8C5B-6F14-4F62-AD9A-B098D55B539C}.Release|Any CPU.Build.0 = Release|Any CPU
		{1732EFCE-A351-46E1-B68B-7D4101EB7968}.Debug|Any CPU.ActiveCfg = Debug|Any CPU
		{1732EFCE-A351-46E1-B68B-7D4101EB7968}.Debug|Any CPU.Build.0 = Debug|Any CPU
		{1732EFCE-A351-46E1-B68B-7D4101EB7968}.Release|Any CPU.ActiveCfg = Release|Any CPU
		{1732EFCE-A351-46E1-B68B-7D4101EB7968}.Release|Any CPU.Build.0 = Release|Any CPU
		{4998181B-67F5-4F3B-87D6-455A021571E4}.Debug|Any CPU.ActiveCfg = Debug|Any CPU
		{4998181B-67F5-4F3B-87D6-455A021571E4}.Debug|Any CPU.Build.0 = Debug|Any CPU
		{4998181B-67F5-4F3B-87D6-455A021571E4}.Release|Any CPU.ActiveCfg = Release|Any CPU
		{4998181B-67F5-4F3B-87D6-455A021571E4}.Release|Any CPU.Build.0 = Release|Any CPU
		{19BE847E-1BA0-410D-9D6F-9E4FB663E45B}.Debug|Any CPU.ActiveCfg = Debug|Any CPU
		{19BE847E-1BA0-410D-9D6F-9E4FB663E45B}.Debug|Any CPU.Build.0 = Debug|Any CPU
		{19BE847E-1BA0-410D-9D6F-9E4FB663E45B}.Release|Any CPU.ActiveCfg = Release|Any CPU
		{19BE847E-1BA0-410D-9D6F-9E4FB663E45B}.Release|Any CPU.Build.0 = Release|Any CPU
		{6269BD12-EB21-4681-846B-FE9143FB4941}.Debug|Any CPU.ActiveCfg = Debug|Any CPU
		{6269BD12-EB21-4681-846B-FE9143FB4941}.Debug|Any CPU.Build.0 = Debug|Any CPU
		{6269BD12-EB21-4681-846B-FE9143FB4941}.Release|Any CPU.ActiveCfg = Release|Any CPU
		{6269BD12-EB21-4681-846B-FE9143FB4941}.Release|Any CPU.Build.0 = Release|Any CPU
		{673A32D9-90A8-4FEE-987D-18466DC7F3A5}.Debug|Any CPU.ActiveCfg = Debug|Any CPU
		{673A32D9-90A8-4FEE-987D-18466DC7F3A5}.Debug|Any CPU.Build.0 = Debug|Any CPU
		{673A32D9-90A8-4FEE-987D-18466DC7F3A5}.Release|Any CPU.ActiveCfg = Release|Any CPU
		{673A32D9-90A8-4FEE-987D-18466DC7F3A5}.Release|Any CPU.Build.0 = Release|Any CPU
		{513D6ABC-9F65-4C57-AA80-3423519253F8}.Debug|Any CPU.ActiveCfg = Debug|Any CPU
		{513D6ABC-9F65-4C57-AA80-3423519253F8}.Debug|Any CPU.Build.0 = Debug|Any CPU
		{513D6ABC-9F65-4C57-AA80-3423519253F8}.Release|Any CPU.ActiveCfg = Release|Any CPU
		{513D6ABC-9F65-4C57-AA80-3423519253F8}.Release|Any CPU.Build.0 = Release|Any CPU
		{81376967-06C1-46B4-92A4-76F5E4C60615}.Debug|Any CPU.ActiveCfg = Debug|Any CPU
		{81376967-06C1-46B4-92A4-76F5E4C60615}.Debug|Any CPU.Build.0 = Debug|Any CPU
		{81376967-06C1-46B4-92A4-76F5E4C60615}.Release|Any CPU.ActiveCfg = Release|Any CPU
		{81376967-06C1-46B4-92A4-76F5E4C60615}.Release|Any CPU.Build.0 = Release|Any CPU
		{F8E6BD7B-CFA0-413D-B72C-922A79E888C4}.Debug|Any CPU.ActiveCfg = Debug|Any CPU
		{F8E6BD7B-CFA0-413D-B72C-922A79E888C4}.Debug|Any CPU.Build.0 = Debug|Any CPU
		{F8E6BD7B-CFA0-413D-B72C-922A79E888C4}.Release|Any CPU.ActiveCfg = Release|Any CPU
		{F8E6BD7B-CFA0-413D-B72C-922A79E888C4}.Release|Any CPU.Build.0 = Release|Any CPU
		{3E76C445-609C-4871-8916-3649AFC95FD4}.Debug|Any CPU.ActiveCfg = Debug|Any CPU
		{3E76C445-609C-4871-8916-3649AFC95FD4}.Debug|Any CPU.Build.0 = Debug|Any CPU
		{3E76C445-609C-4871-8916-3649AFC95FD4}.Release|Any CPU.ActiveCfg = Release|Any CPU
		{3E76C445-609C-4871-8916-3649AFC95FD4}.Release|Any CPU.Build.0 = Release|Any CPU
	EndGlobalSection
	GlobalSection(SolutionProperties) = preSolution
		HideSolutionNode = FALSE
	EndGlobalSection
EndGlobal
